
Microsoft Visual Studio Solution File, Format Version 12.00
# Visual Studio Version 17
VisualStudioVersion = 17.8.34309.116
MinimumVisualStudioVersion = 10.0.40219.1
Project("{9A19103F-16F7-4668-BE54-9A1E7A4F7556}") = "NetWorth", "NetWorth\NetWorth.csproj", "{2BB03F14-8E35-448F-A42F-0742B4E3B107}"
EndProject
Global
	GlobalSection(SolutionConfigurationPlatforms) = preSolution
		Debug|Any CPU = Debug|Any CPU
		Release|Any CPU = Release|Any CPU
	EndGlobalSection
	GlobalSection(ProjectConfigurationPlatforms) = postSolution
		{2BB03F14-8E35-448F-A42F-0742B4E3B107}.Debug|Any CPU.ActiveCfg = Debug|Any CPU
		{2BB03F14-8E35-448F-A42F-0742B4E3B107}.Debug|Any CPU.Build.0 = Debug|Any CPU
		{2BB03F14-8E35-448F-A42F-0742B4E3B107}.Release|Any CPU.ActiveCfg = Release|Any CPU
		{2BB03F14-8E35-448F-A42F-0742B4E3B107}.Release|Any CPU.Build.0 = Release|Any CPU
	EndGlobalSection
	GlobalSection(SolutionProperties) = preSolution
		HideSolutionNode = FALSE
	EndGlobalSection
	GlobalSection(ExtensibilityGlobals) = postSolution
		SolutionGuid = {7E280623-2A56-4058-844E-BEB789980CA5}
	EndGlobalSection
EndGlobal
